dependencies:
- name: ts-client-react
  repository: file://charts/ts-client-react
  version: 0.1.0
- name: core-user
  repository: file://charts/core-user
  version: 0.1.0
- name: core-todo
  repository: file://charts/core-todo
  version: 0.1.0
- name: core-file
  repository: file://charts/core-file
  version: 0.1.0
- name: core-send-email
  repository: file://charts/core-send-email
  version: 0.1.0
- name: core-oauth-user
  repository: file://charts/core-oauth-user
  version: 0.1.0
- name: publicapi-auth
  repository: file://charts/publicapi-auth
  version: 0.1.0
- name: publicapi-user
  repository: file://charts/publicapi-user
  version: 0.1.0
- name: publicapi-todo
  repository: file://charts/publicapi-todo
  version: 0.1.0
- name: publicapi-file
  repository: file://charts/publicapi-file
  version: 0.1.0
- name: publicapi-fileput
  repository: file://charts/publicapi-fileput
  version: 0.1.0
- name: publicapi-websocket
  repository: file://charts/publicapi-websocket
  version: 0.1.0
- name: websocket-broadcast
  repository: file://charts/websocket-broadcast
  version: 0.1.0
- name: websocket-todo
  repository: file://charts/websocket-todo
  version: 0.1.0
- name: websocket-user
  repository: file://charts/websocket-user
  version: 0.1.0
- name: workers-user
  repository: file://charts/workers-user
  version: 0.1.0
- name: workers-file
  repository: file://charts/workers-file
  version: 0.1.0
- name: minio
  repository: https://charts.bitnami.com/bitnami
  version: 12.1.1
- name: nats
  repository: https://nats-io.github.io/k8s/helm/charts/
  version: 0.19.5
- name: redis
  repository: https://charts.bitnami.com/bitnami
  version: 17.6.0
digest: sha256:930abb5a849eaf1806cbdfbc63ce41bb57e8d0586adf6ca94d546f94b0caa50c
generated: "2023-01-25T08:09:52.99005-05:00"
